
Microsoft Visual Studio Solution File, Format Version 12.00
# Visual Studio 2012
Project("{FAE04EC0-301F-11D3-BF4B-00C04F79EFBC}") = "DemoProject", "DemoProject\DemoProject.csproj", "{2563F2E1-8AC1-499C-A4BB-FA0ED5549902}"
EndProject
Global
	GlobalSection(SolutionConfigurationPlatforms) = preSolution
		Debug|Any CPU = Debug|Any CPU
		Release|Any CPU = Release|Any CPU
	EndGlobalSection
	GlobalSection(ProjectConfigurationPlatforms) = postSolution
		{2563F2E1-8AC1-499C-A4BB-FA0ED5549902}.Debug|Any CPU.ActiveCfg = Debug|Any CPU
		{2563F2E1-8AC1-499C-A4BB-FA0ED5549902}.Debug|Any CPU.Build.0 = Debug|Any CPU
		{2563F2E1-8AC1-499C-A4BB-FA0ED5549902}.Release|Any CPU.ActiveCfg = Release|Any CPU
		{2563F2E1-8AC1-499C-A4BB-FA0ED5549902}.Release|Any CPU.Build.0 = Release|Any CPU
	EndGlobalSection
	GlobalSection(SolutionProperties) = preSolution
		HideSolutionNode = FALSE
	EndGlobalSection
EndGlobal
